
Microsoft Visual Studio Solution File, Format Version 12.00
# Visual Studio 15
VisualStudioVersion = 15.0.28307.421
MinimumVisualStudioVersion = 10.0.40219.1
Project("{FAE04EC0-301F-11D3-BF4B-00C04F79EFBC}") = "Tiba Sport Stock", "Tiba Sport Stock\Tiba Sport Stock.csproj", "{8B31E562-EBE2-4C3A-8948-94859DD19A96}"
EndProject
Global
	GlobalSection(SolutionConfigurationPlatforms) = preSolution
		Debug|Any CPU = Debug|Any CPU
		Release|Any CPU = Release|Any CPU
	EndGlobalSection
	GlobalSection(ProjectConfigurationPlatforms) = postSolution
		{8B31E562-EBE2-4C3A-8948-94859DD19A96}.Debug|Any CPU.ActiveCfg = Debug|Any CPU
		{8B31E562-EBE2-4C3A-8948-94859DD19A96}.Debug|Any CPU.Build.0 = Debug|Any CPU
		{8B31E562-EBE2-4C3A-8948-94859DD19A96}.Release|Any CPU.ActiveCfg = Release|Any CPU
		{8B31E562-EBE2-4C3A-8948-94859DD19A96}.Release|Any CPU.Build.0 = Release|Any CPU
	EndGlobalSection
	GlobalSection(SolutionProperties) = preSolution
		HideSolutionNode = FALSE
	EndGlobalSection
	GlobalSection(ExtensibilityGlobals) = postSolution
		SolutionGuid = {6E905F87-A451-4250-9954-C17BB4507EC6}
	EndGlobalSection
EndGlobal
